
Microsoft Visual Studio Solution File, Format Version 12.00
# Visual Studio Version 17
VisualStudioVersion = 17.13.35913.81
MinimumVisualStudioVersion = 10.0.40219.1
Project("{FAE04EC0-301F-11D3-BF4B-00C04F79EFBC}") = "ASPmvc_HW", "ASPmvc_HW\ASPmvc_HW.csproj", "{6B866061-10F8-46C4-A171-66C395A13029}"
EndProject
Project("{FAE04EC0-301F-11D3-BF4B-00C04F79EFBC}") = "ASPmvc_Calculator", "ASPmvc_Calculator\ASPmvc_Calculator.csproj", "{4D50AB2F-4E82-4760-A9BD-A006A5E79335}"
EndProject
Project("{FAE04EC0-301F-11D3-BF4B-00C04F79EFBC}") = "OnlineStore_HW", "OnlineStore_HW\OnlineStore_HW.csproj", "{7EF6BB5F-B051-4735-85F1-3EA2B5C77857}"
EndProject
Global
	GlobalSection(SolutionConfigurationPlatforms) = preSolution
		Debug|Any CPU = Debug|Any CPU
		Release|Any CPU = Release|Any CPU
	EndGlobalSection
	GlobalSection(ProjectConfigurationPlatforms) = postSolution
		{6B866061-10F8-46C4-A171-66C395A13029}.Debug|Any CPU.ActiveCfg = Debug|Any CPU
		{6B866061-10F8-46C4-A171-66C395A13029}.Debug|Any CPU.Build.0 = Debug|Any CPU
		{6B866061-10F8-46C4-A171-66C395A13029}.Release|Any CPU.ActiveCfg = Release|Any CPU
		{6B866061-10F8-46C4-A171-66C395A13029}.Release|Any CPU.Build.0 = Release|Any CPU
		{4D50AB2F-4E82-4760-A9BD-A006A5E79335}.Debug|Any CPU.ActiveCfg = Debug|Any CPU
		{4D50AB2F-4E82-4760-A9BD-A006A5E79335}.Debug|Any CPU.Build.0 = Debug|Any CPU
		{4D50AB2F-4E82-4760-A9BD-A006A5E79335}.Release|Any CPU.ActiveCfg = Release|Any CPU
		{4D50AB2F-4E82-4760-A9BD-A006A5E79335}.Release|Any CPU.Build.0 = Release|Any CPU
		{7EF6BB5F-B051-4735-85F1-3EA2B5C77857}.Debug|Any CPU.ActiveCfg = Debug|Any CPU
		{7EF6BB5F-B051-4735-85F1-3EA2B5C77857}.Debug|Any CPU.Build.0 = Debug|Any CPU
		{7EF6BB5F-B051-4735-85F1-3EA2B5C77857}.Release|Any CPU.ActiveCfg = Release|Any CPU
		{7EF6BB5F-B051-4735-85F1-3EA2B5C77857}.Release|Any CPU.Build.0 = Release|Any CPU
	EndGlobalSection
	GlobalSection(SolutionProperties) = preSolution
		HideSolutionNode = FALSE
	EndGlobalSection
	GlobalSection(ExtensibilityGlobals) = postSolution
		SolutionGuid = {9675BEAF-5888-4EE5-AECE-F0CB612C068F}
	EndGlobalSection
EndGlobal
